github.com/google/go-cmp v0.5.6 h1:BKbKCqvP6I+rmFHt06ZmyQtvB8xAkWdhFyr0ZUNZcxQ=
github.com/google/go-cmp v0.5.6/go.mod h1:v8dTdLbMG2kIc/vJvl+f65V22dbkXbowE6jgT/gNBxE=
github.com/mattn/go-sqlite3 v1.14.8 h1:gDp86IdQsN/xWjIEmr9MF6o9mpksUgh0fu+9ByFxzIU=
github.com/mattn/go-sqlite3 v1.14.8/go.mod h1:NyWgC/yNuGj7Q9rpYnZvas74GogHl5/Z4A/KQRfk6bU=
github.com/psanford/httpreadat v0.0.0-20230409005540-005e63deadeb h1:BHUo6n1G9s3vFsewCkYOI6oEvx4Yq5OchJEsbmZYVkI=
github.com/psanford/httpreadat v0.0.0-20230409005540-005e63deadeb/go.mod h1:Zg7P+TlBm3bYbyHTKv/EdtSJZn3qwbPwpfZ/I9GKCRE=
github.com/psanford/sqlite3vfs v0.0.0-20220823065410-bd28ac7ee3c2 h1:S7ikYUpctxijGIl4P+NJhGSMNov4bP9KsO3JWq/+gOs=
github.com/psanford/sqlite3vfs v0.0.0-20220823065410-bd28ac7ee3c2/go.mod h1:iW4cSew5PAb1sMZiTEkVJAIBNrepaB6jTYjeP47WtI0=
golang.org/x/xerrors v0.0.0-20191204190536-9bdfabe68543 h1:E7g+9GITq07hpfrRu66IVDexMakfv52eLZ2CXBWiKr4=
golang.org/x/xerrors v0.0.0-20191204190536-9bdfabe68543/go.mod h1:I/5z698sn9Ka8TeJc9MKroUUfqBBauWjQqLJ2OPfmY0=
